
Microsoft Visual Studio Solution File, Format Version 12.00
# Visual Studio 2013
VisualStudioVersion = 12.0.30723.0
MinimumVisualStudioVersion = 10.0.40219.1
Project("{FAE04EC0-301F-11D3-BF4B-00C04F79EFBC}") = "FeaturesMvc", "FeaturesMvc\FeaturesMvc.csproj", "{CFB27A1F-4379-4A6C-A36B-1E5C477463DB}"
EndProject
Project("{FAE04EC0-301F-11D3-BF4B-00C04F79EFBC}") = "FeaturesMvc.Sample", "FeaturesMvc.Sample\FeaturesMvc.Sample.csproj", "{C9C1B4BC-28AF-4EEE-A8B9-AF18361C2774}"
EndProject
Project("{FAE04EC0-301F-11D3-BF4B-00C04F79EFBC}") = "FeaturesMvc.Bundling", "FeaturesMvc.Bundling\FeaturesMvc.Bundling.csproj", "{CB9EEC72-FDC6-4899-BAC2-32EB1B5E9D94}"
EndProject
Global
	GlobalSection(SolutionConfigurationPlatforms) = preSolution
		Debug|Any CPU = Debug|Any CPU
		Release|Any CPU = Release|Any CPU
	EndGlobalSection
	GlobalSection(ProjectConfigurationPlatforms) = postSolution
		{CFB27A1F-4379-4A6C-A36B-1E5C477463DB}.Debug|Any CPU.ActiveCfg = Debug|Any CPU
		{CFB27A1F-4379-4A6C-A36B-1E5C477463DB}.Debug|Any CPU.Build.0 = Debug|Any CPU
		{CFB27A1F-4379-4A6C-A36B-1E5C477463DB}.Release|Any CPU.ActiveCfg = Release|Any CPU
		{CFB27A1F-4379-4A6C-A36B-1E5C477463DB}.Release|Any CPU.Build.0 = Release|Any CPU
		{C9C1B4BC-28AF-4EEE-A8B9-AF18361C2774}.Debug|Any CPU.ActiveCfg = Debug|Any CPU
		{C9C1B4BC-28AF-4EEE-A8B9-AF18361C2774}.Debug|Any CPU.Build.0 = Debug|Any CPU
		{C9C1B4BC-28AF-4EEE-A8B9-AF18361C2774}.Release|Any CPU.ActiveCfg = Release|Any CPU
		{C9C1B4BC-28AF-4EEE-A8B9-AF18361C2774}.Release|Any CPU.Build.0 = Release|Any CPU
		{CB9EEC72-FDC6-4899-BAC2-32EB1B5E9D94}.Debug|Any CPU.ActiveCfg = Debug|Any CPU
		{CB9EEC72-FDC6-4899-BAC2-32EB1B5E9D94}.Debug|Any CPU.Build.0 = Debug|Any CPU
		{CB9EEC72-FDC6-4899-BAC2-32EB1B5E9D94}.Release|Any CPU.ActiveCfg = Release|Any CPU
		{CB9EEC72-FDC6-4899-BAC2-32EB1B5E9D94}.Release|Any CPU.Build.0 = Release|Any CPU
	EndGlobalSection
	GlobalSection(SolutionProperties) = preSolution
		HideSolutionNode = FALSE
	EndGlobalSection
EndGlobal
